
Microsoft Visual Studio Solution File, Format Version 12.00
# Visual Studio 2013
VisualStudioVersion = 12.0.21005.1
MinimumVisualStudioVersion = 10.0.40219.1
Project("{FAE04EC0-301F-11D3-BF4B-00C04F79EFBC}") = "MovieReviews.Web", "MovieReviews.Web\MovieReviews.Web.csproj", "{BFE090A0-4347-4BFA-ADBD-9E3D0C0C44E1}"
EndProject
Project("{FAE04EC0-301F-11D3-BF4B-00C04F79EFBC}") = "MovieReviews.Data", "MovieReviews.Data\MovieReviews.Data.csproj", "{B4713094-A8AB-459E-BBE2-342DDF4CC152}"
EndProject
Project("{FAE04EC0-301F-11D3-BF4B-00C04F79EFBC}") = "MovieReviews.Model", "MovieReviews.Model\MovieReviews.Model.csproj", "{6C2EC70C-CFF9-46E7-A4A7-D1E87CD4CF07}"
EndProject
Project("{FAE04EC0-301F-11D3-BF4B-00C04F79EFBC}") = "MovieReviews.Data.Contracts", "MovieReviews.Data.Contracts\MovieReviews.Data.Contracts.csproj", "{00667B84-9635-4C7B-BC9C-3A5ABA7C8914}"
EndProject
Global
	GlobalSection(SolutionConfigurationPlatforms) = preSolution
		Debug|Any CPU = Debug|Any CPU
		Release|Any CPU = Release|Any CPU
	EndGlobalSection
	GlobalSection(ProjectConfigurationPlatforms) = postSolution
		{BFE090A0-4347-4BFA-ADBD-9E3D0C0C44E1}.Debug|Any CPU.ActiveCfg = Debug|Any CPU
		{BFE090A0-4347-4BFA-ADBD-9E3D0C0C44E1}.Debug|Any CPU.Build.0 = Debug|Any CPU
		{BFE090A0-4347-4BFA-ADBD-9E3D0C0C44E1}.Release|Any CPU.ActiveCfg = Release|Any CPU
		{BFE090A0-4347-4BFA-ADBD-9E3D0C0C44E1}.Release|Any CPU.Build.0 = Release|Any CPU
		{B4713094-A8AB-459E-BBE2-342DDF4CC152}.Debug|Any CPU.ActiveCfg = Debug|Any CPU
		{B4713094-A8AB-459E-BBE2-342DDF4CC152}.Debug|Any CPU.Build.0 = Debug|Any CPU
		{B4713094-A8AB-459E-BBE2-342DDF4CC152}.Release|Any CPU.ActiveCfg = Release|Any CPU
		{B4713094-A8AB-459E-BBE2-342DDF4CC152}.Release|Any CPU.Build.0 = Release|Any CPU
		{6C2EC70C-CFF9-46E7-A4A7-D1E87CD4CF07}.Debug|Any CPU.ActiveCfg = Debug|Any CPU
		{6C2EC70C-CFF9-46E7-A4A7-D1E87CD4CF07}.Debug|Any CPU.Build.0 = Debug|Any CPU
		{6C2EC70C-CFF9-46E7-A4A7-D1E87CD4CF07}.Release|Any CPU.ActiveCfg = Release|Any CPU
		{6C2EC70C-CFF9-46E7-A4A7-D1E87CD4CF07}.Release|Any CPU.Build.0 = Release|Any CPU
		{00667B84-9635-4C7B-BC9C-3A5ABA7C8914}.Debug|Any CPU.ActiveCfg = Debug|Any CPU
		{00667B84-9635-4C7B-BC9C-3A5ABA7C8914}.Debug|Any CPU.Build.0 = Debug|Any CPU
		{00667B84-9635-4C7B-BC9C-3A5ABA7C8914}.Release|Any CPU.ActiveCfg = Release|Any CPU
		{00667B84-9635-4C7B-BC9C-3A5ABA7C8914}.Release|Any CPU.Build.0 = Release|Any CPU
	EndGlobalSection
	GlobalSection(SolutionProperties) = preSolution
		HideSolutionNode = FALSE
	EndGlobalSection
EndGlobal
